<?xml version="1.0" encoding="utf-8"?>
<Project ToolsVersion="4.0" xmlns="http://schemas.microsoft.com/developer/msbuild/2003">
  <ItemGroup>
    <ClCompile Include="$(MSBuildThisFileDirectory)src\implementation\MotorControl.cpp" />
    <ClCompile Include="$(MSBuildThisFileDirectory)src\implementation\Dispenser.cpp" />
    <ClCompile Include="$(MSBuildThisFileDirectory)src\implementation\JAFDLibrary.cpp" />
    <ClCompile Include="$(MSBuildThisFileDirectory)src\implementation\MazeMapping.cpp" />
    <ClCompile Include="$(MSBuildThisFileDirectory)src\utility\SpiEEprom.cpp" />
  </ItemGroup>
  <ItemGroup>
    <ClInclude Include="$(MSBuildThisFileDirectory)src\implementation\MotorControl_private.h" />
    <ClInclude Include="$(MSBuildThisFileDirectory)src\implementation\MotorControl_public.h" />
    <ClInclude Include="$(MSBuildThisFileDirectory)src\implementation\Dispenser_private.h" />
    <ClInclude Include="$(MSBuildThisFileDirectory)src\implementation\Dispenser_public.h" />
    <ClInclude Include="$(MSBuildThisFileDirectory)src\implementation\MazeMapping_private.h" />
    <ClInclude Include="$(MSBuildThisFileDirectory)src\implementation\MazeMapping_public.h" />
    <ClInclude Include="$(MSBuildThisFileDirectory)src\implementation\ReturnCode_public.h" />
    <ClInclude Include="$(MSBuildThisFileDirectory)src\utility\DuePinMapping_private.h" />
    <ClInclude Include="$(MSBuildThisFileDirectory)src\utility\Math_private.h" />
    <ClInclude Include="$(MSBuildThisFileDirectory)src\utility\SpiEeprom_private.h" />
    <ClInclude Include="$(MSBuildThisFileDirectory)src\utility\StaticQueue_private.h" />
  </ItemGroup>
  <ItemGroup>
    <Text Include="$(MSBuildThisFileDirectory)readme.txt" />
    <Text Include="$(MSBuildThisFileDirectory)library.properties" />
    <Text Include="$(MSBuildThisFileDirectory)src\JAFDLibrary.h" />
  </ItemGroup>
</Project>