<?xml version="1.0" encoding="utf-8"?>
<Project ToolsVersion="4.0" xmlns="http://schemas.microsoft.com/developer/msbuild/2003">
  <ItemGroup>
    <Filter Include="implementation">
      <UniqueIdentifier>{6d684dd5-cb90-4798-aa79-7a0fc5896fe4}</UniqueIdentifier>
    </Filter>
    <Filter Include="utility">
      <UniqueIdentifier>{93c112bd-929a-419d-9945-b173e92267b0}</UniqueIdentifier>
    </Filter>
    <Filter Include="implementation\private">
      <UniqueIdentifier>{ea498254-2ef9-460f-be11-c8536ec01072}</UniqueIdentifier>
    </Filter>
    <Filter Include="implementation\public">
      <UniqueIdentifier>{a2102cb4-1015-4eb9-9b5a-8b893aa47ab0}</UniqueIdentifier>
    </Filter>
    <Filter Include="utility\private">
      <UniqueIdentifier>{0c1de279-bf87-4a5d-ac93-3ae172339c99}</UniqueIdentifier>
    </Filter>
    <Filter Include="utility\public">
      <UniqueIdentifier>{fd8b132b-2400-4ae3-ac55-e529f8a311d6}</UniqueIdentifier>
    </Filter>
  </ItemGroup>
  <ItemGroup>
    <None Include="JAFDProgram.ino" />
  </ItemGroup>
  <ItemGroup>
    <ClInclude Include="JAFD\JAFD.h">
      <Filter>implementation\public</Filter>
    </ClInclude>
    <ClInclude Include="JAFD\implementation\ReturnCode_public.h">
      <Filter>implementation\public</Filter>
    </ClInclude>
    <ClInclude Include="JAFD\implementation\Dispenser_private.h">
      <Filter>implementation\private</Filter>
    </ClInclude>
    <ClInclude Include="JAFD\implementation\MazeMapping_private.h">
      <Filter>implementation\private</Filter>
    </ClInclude>
    <ClInclude Include="JAFD\implementation\MotorControl_private.h">
      <Filter>implementation\private</Filter>
    </ClInclude>
    <ClInclude Include="JAFD\utility\DuePinMapping_private.h">
      <Filter>utility\private</Filter>
    </ClInclude>
    <ClInclude Include="JAFD\utility\Math_private.h">
      <Filter>utility\private</Filter>
    </ClInclude>
    <ClInclude Include="JAFD\utility\StaticQueue_private.h">
      <Filter>utility\private</Filter>
    </ClInclude>
    <ClInclude Include="JAFDSettings.h" />
    <ClInclude Include="JAFD\implementation\Bno055_private.h">
      <Filter>implementation\private</Filter>
    </ClInclude>
    <ClInclude Include="JAFD\implementation\Interrupts_private.h">
      <Filter>implementation\private</Filter>
    </ClInclude>
    <ClInclude Include="JAFD\implementation\SpiNVSRAM_private.h">
      <Filter>implementation\private</Filter>
    </ClInclude>
    <ClInclude Include="JAFD\implementation\SensorFusion_private.h">
      <Filter>implementation\private</Filter>
    </ClInclude>
    <ClInclude Include="JAFD\implementation\SmoothDriving_private.h">
      <Filter>implementation\private</Filter>
    </ClInclude>
    <ClInclude Include="__vm\.JAFDProgram.vsarduino.h" />
    <ClInclude Include="JAFD\utility\Vector_private.h">
      <Filter>utility\private</Filter>
    </ClInclude>
  </ItemGroup>
  <ItemGroup>
    <ClCompile Include="JAFD\implementation\Dispenser.cpp">
      <Filter>implementation\private</Filter>
    </ClCompile>
    <ClCompile Include="JAFD\implementation\JAFD.cpp">
      <Filter>implementation\private</Filter>
    </ClCompile>
    <ClCompile Include="JAFD\implementation\MazeMapping.cpp">
      <Filter>implementation\private</Filter>
    </ClCompile>
    <ClCompile Include="JAFD\implementation\MotorControl.cpp">
      <Filter>implementation\private</Filter>
    </ClCompile>
    <ClCompile Include="JAFD\implementation\Bno055.cpp">
      <Filter>implementation\private</Filter>
    </ClCompile>
    <ClCompile Include="JAFD\implementation\Interrupts.cpp">
      <Filter>implementation\private</Filter>
    </ClCompile>
    <ClCompile Include="JAFD\implementation\SpiNVSRAM.cpp">
      <Filter>implementation\private</Filter>
    </ClCompile>
    <ClCompile Include="JAFD\implementation\SensorFusion.cpp">
      <Filter>implementation\private</Filter>
    </ClCompile>
    <ClCompile Include="JAFD\implementation\SmoothDriving.cpp">
      <Filter>implementation\private</Filter>
    </ClCompile>
  </ItemGroup>
</Project>