<?xml version="1.0" encoding="utf-8"?>
<Project ToolsVersion="4.0" xmlns="http://schemas.microsoft.com/developer/msbuild/2003">
  <ItemGroup>
    <None Include="JAFDProgram.ino" />
  </ItemGroup>
  <ItemGroup>
    <ClInclude Include="JAFDSettings.h" />
    <ClInclude Include="JAFD\JAFD.h">
      <Filter>JAFD</Filter>
    </ClInclude>
    <ClInclude Include="JAFD\header\Bno055.h">
      <Filter>JAFD\Header</Filter>
    </ClInclude>
    <ClInclude Include="JAFD\header\Dispenser.h">
      <Filter>JAFD\Header</Filter>
    </ClInclude>
    <ClInclude Include="JAFD\header\DuePinMapping.h">
      <Filter>JAFD\Header</Filter>
    </ClInclude>
    <ClInclude Include="JAFD\header\Interrupts.h">
      <Filter>JAFD\Header</Filter>
    </ClInclude>
    <ClInclude Include="JAFD\header\Math.h">
      <Filter>JAFD\Header</Filter>
    </ClInclude>
    <ClInclude Include="JAFD\header\MazeMapping.h">
      <Filter>JAFD\Header</Filter>
    </ClInclude>
    <ClInclude Include="JAFD\header\MotorControl.h">
      <Filter>JAFD\Header</Filter>
    </ClInclude>
    <ClInclude Include="JAFD\header\SensorFusion.h">
      <Filter>JAFD\Header</Filter>
    </ClInclude>
    <ClInclude Include="JAFD\header\SmoothDriving.h">
      <Filter>JAFD\Header</Filter>
    </ClInclude>
    <ClInclude Include="JAFD\header\SpiNVSRAM.h">
      <Filter>JAFD\Header</Filter>
    </ClInclude>
    <ClInclude Include="JAFD\header\StaticQueue.h">
      <Filter>JAFD\Header</Filter>
    </ClInclude>
    <ClInclude Include="JAFD\header\Vector.h">
      <Filter>JAFD\Header</Filter>
    </ClInclude>
    <ClInclude Include="JAFD\header\AllDatatypes.h">
      <Filter>JAFD\Header</Filter>
    </ClInclude>
    <ClInclude Include="JAFD\header\PIDController.h">
      <Filter>JAFD\Header</Filter>
    </ClInclude>
    <ClInclude Include="JAFD\header\DistanceSensors.h">
      <Filter>JAFD\Header</Filter>
    </ClInclude>
    <ClInclude Include="JAFD\header\RobotLogic.h">
      <Filter>JAFD\Header</Filter>
    </ClInclude>
    <ClInclude Include="JAFD\header\TCA9548A.h">
      <Filter>JAFD\Header</Filter>
    </ClInclude>
    <ClInclude Include="__vm\.JAFDProgram.vsarduino.h" />
    <ClInclude Include="JAFD\header\TCS34725.h">
      <Filter>JAFD\Header</Filter>
    </ClInclude>
    <ClInclude Include="JAFD\header\HeatSensor.h">
      <Filter>JAFD\Header</Filter>
    </ClInclude>
    <ClInclude Include="JAFD\header\SmallThings.h">
      <Filter>JAFD\Header</Filter>
    </ClInclude>
    <ClInclude Include="JAFD\header\OLed.h">
    <ClInclude Include="JAFD\header\CamRec.h">
      <Filter>JAFD\Header</Filter>
    </ClInclude>
  </ItemGroup>
  <ItemGroup>
    <Filter Include="JAFD">
      <UniqueIdentifier>{55f42bde-13f0-4038-87eb-3d58d6de86a7}</UniqueIdentifier>
    </Filter>
    <Filter Include="JAFD\Source">
      <UniqueIdentifier>{7ce87e08-d1fc-45f9-8701-a96709db92df}</UniqueIdentifier>
    </Filter>
    <Filter Include="JAFD\Header">
      <UniqueIdentifier>{51a1e62f-1bb3-4ddc-b6c7-fc524ede2d2d}</UniqueIdentifier>
    </Filter>
  </ItemGroup>
  <ItemGroup>
    <ClCompile Include="JAFD\source\Dispenser.cpp">
      <Filter>JAFD\Source</Filter>
    </ClCompile>
    <ClCompile Include="JAFD\source\Interrupts.cpp">
      <Filter>JAFD\Source</Filter>
    </ClCompile>
    <ClCompile Include="JAFD\source\JAFD.cpp">
      <Filter>JAFD\Source</Filter>
    </ClCompile>
    <ClCompile Include="JAFD\source\MazeMapping.cpp">
      <Filter>JAFD\Source</Filter>
    </ClCompile>
    <ClCompile Include="JAFD\source\MotorControl.cpp">
      <Filter>JAFD\Source</Filter>
    </ClCompile>
    <ClCompile Include="JAFD\source\SensorFusion.cpp">
      <Filter>JAFD\Source</Filter>
    </ClCompile>
    <ClCompile Include="JAFD\source\SmoothDriving.cpp">
      <Filter>JAFD\Source</Filter>
    </ClCompile>
    <ClCompile Include="JAFD\source\SpiNVSRAM.cpp">
      <Filter>JAFD\Source</Filter>
    </ClCompile>
    <ClCompile Include="JAFD\source\PIDController.cpp">
      <Filter>JAFD\Source</Filter>
    </ClCompile>
    <ClCompile Include="JAFD\source\DistanceSensors.cpp">
      <Filter>JAFD\Source</Filter>
    </ClCompile>
    <ClCompile Include="JAFD\source\RobotLogic.cpp">
      <Filter>JAFD\Source</Filter>
    </ClCompile>
    <ClCompile Include="JAFD\source\TCA9548A.cpp">
      <Filter>JAFD\Source</Filter>
    </ClCompile>
    <ClCompile Include="JAFD\source\Bno055.cpp">
      <Filter>JAFD\Source</Filter>
    </ClCompile>
    <ClCompile Include="JAFD\source\TCS34725.cpp">
      <Filter>JAFD\Source</Filter>
    </ClCompile>
    <ClCompile Include="JAFD\source\HeatSensor.cpp">
      <Filter>JAFD\Source</Filter>
    </ClCompile>
    <ClCompile Include="JAFD\source\SmallThings.cpp">
      <Filter>JAFD\Source</Filter>
    </ClCompile>
    <ClCompile Include="JAFD\source\OLed.cpp">
    <ClCompile Include="JAFD\source\CamRec.cpp">
      <Filter>JAFD\Source</Filter>
    </ClCompile>
  </ItemGroup>
</Project>