
Microsoft Visual Studio Solution File, Format Version 12.00
# Visual Studio Version 16
VisualStudioVersion = 16.0.30517.126
MinimumVisualStudioVersion = 10.0.40219.1
Project("{8BC9CEB8-8B4A-11D0-8D11-00A0C91BC942}") = "JAFDProgram", "JAFDProgram\JAFDProgram.vcxproj", "{E0345477-9F90-42E0-B2FD-DB6FC99C757D}"
EndProject
Project("{8BC9CEB8-8B4A-11D0-8D11-00A0C91BC942}") = "SIALSoftware", "SIALSoftware\SIALSoftware.vcxproj", "{C5F80730-F44F-4478-BDAE-6634EFC2CA88}"
EndProject
Global
	GlobalSection(SolutionConfigurationPlatforms) = preSolution
		Debug|x86 = Debug|x86
		Release|x86 = Release|x86
	EndGlobalSection
	GlobalSection(ProjectConfigurationPlatforms) = postSolution
		{E0345477-9F90-42E0-B2FD-DB6FC99C757D}.Debug|x86.ActiveCfg = Debug|Win32
		{E0345477-9F90-42E0-B2FD-DB6FC99C757D}.Debug|x86.Build.0 = Debug|Win32
		{E0345477-9F90-42E0-B2FD-DB6FC99C757D}.Release|x86.ActiveCfg = Release|Win32
		{E0345477-9F90-42E0-B2FD-DB6FC99C757D}.Release|x86.Build.0 = Release|Win32
		{C5F80730-F44F-4478-BDAE-6634EFC2CA88}.Debug|x86.ActiveCfg = Debug|Win32
		{C5F80730-F44F-4478-BDAE-6634EFC2CA88}.Debug|x86.Build.0 = Debug|Win32
		{C5F80730-F44F-4478-BDAE-6634EFC2CA88}.Release|x86.ActiveCfg = Release|Win32
		{C5F80730-F44F-4478-BDAE-6634EFC2CA88}.Release|x86.Build.0 = Release|Win32
	EndGlobalSection
	GlobalSection(SolutionProperties) = preSolution
		HideSolutionNode = FALSE
	EndGlobalSection
	GlobalSection(ExtensibilityGlobals) = postSolution
		SolutionGuid = {823A3251-530C-4CE6-928F-8033703CD509}
	EndGlobalSection
EndGlobal
